PODS:
  - AMScrollingNavbar (4.3.1)
  - ImageViewer (5.0.0)
  - SlideMenuControllerSwift (4.0.0)
  - SnapKit (4.0.1)

DEPENDENCIES:
  - AMScrollingNavbar (< 5.0.0)
  - ImageViewer
  - SlideMenuControllerSwift
  - SnapKit (~> 4.0.0)

SPEC REPOS:
  https://github.com/cocoapods/specs.git:
    - AMScrollingNavbar
    - ImageViewer
    - SlideMenuControllerSwift
    - SnapKit

SPEC CHECKSUMS:
  AMScrollingNavbar: 0f1f6f29cc41482ca0f5892769332f33c49663fa
  ImageViewer: 3def6e39c6979ce3e9d001c78eec0d8b895f2f73
  SlideMenuControllerSwift: 021d6318201c53d4d4d3710517d43d6c556c7dd0
  SnapKit: 0de968a9fec17499afa29683b05d0c775b6d1c29

PODFILE CHECKSUM: cd13e20e289e49e7b4564a3852b6ed8be4c7e9df

COCOAPODS: 1.5.3
